
Microsoft Visual Studio Solution File, Format Version 12.00
# Visual Studio 15
Project("{FAE04EC0-301F-11D3-BF4B-00C04F79EFBC}") = "DanceParty", "DanceParty.csproj", "{19261949-594D-77D5-B2D5-7FDF4BB6AB83}"
EndProject
Project("{FAE04EC0-301F-11D3-BF4B-00C04F79EFBC}") = "DanceParty.Editor", "DanceParty.Editor.csproj", "{1F4A2604-7F41-2621-1C4F-1326278D7F0A}"
EndProject
Global
	GlobalSection(SolutionConfigurationPlatforms) = preSolution
		Debug|Any CPU = Debug|Any CPU
		Release|Any CPU = Release|Any CPU
	EndGlobalSection
	GlobalSection(ProjectConfigurationPlatforms) = postSolution
		{19261949-594D-77D5-B2D5-7FDF4BB6AB83}.Debug|Any CPU.ActiveCfg = Debug|Any CPU
		{19261949-594D-77D5-B2D5-7FDF4BB6AB83}.Debug|Any CPU.Build.0 = Debug|Any CPU
		{19261949-594D-77D5-B2D5-7FDF4BB6AB83}.Release|Any CPU.ActiveCfg = Release|Any CPU
		{19261949-594D-77D5-B2D5-7FDF4BB6AB83}.Release|Any CPU.Build.0 = Release|Any CPU
		{1F4A2604-7F41-2621-1C4F-1326278D7F0A}.Debug|Any CPU.ActiveCfg = Debug|Any CPU
		{1F4A2604-7F41-2621-1C4F-1326278D7F0A}.Debug|Any CPU.Build.0 = Debug|Any CPU
		{1F4A2604-7F41-2621-1C4F-1326278D7F0A}.Release|Any CPU.ActiveCfg = Release|Any CPU
		{1F4A2604-7F41-2621-1C4F-1326278D7F0A}.Release|Any CPU.Build.0 = Release|Any CPU
	EndGlobalSection
	GlobalSection(SolutionProperties) = preSolution
		HideSolutionNode = FALSE
	EndGlobalSection
EndGlobal
